
Microsoft Visual Studio Solution File, Format Version 12.00
# Visual Studio Version 17
VisualStudioVersion = 17.2.32427.441
MinimumVisualStudioVersion = 10.0.40219.1
Project("{9A19103F-16F7-4668-BE54-9A1E7A4F7556}") = "Blazor.Standalone", "Src\Blazor.Standalone\Blazor.Standalone.csproj", "{201B6779-C54B-434D-9FD3-98CE37B2E93C}"
EndProject
Project("{9A19103F-16F7-4668-BE54-9A1E7A4F7556}") = "Blazor.Hosted.Server", "Src\Blazor.Hosted\Server\Blazor.Hosted.Server.csproj", "{EBC1E90E-FBED-4F90-A12F-0447B0C7C64F}"
EndProject
Project("{9A19103F-16F7-4668-BE54-9A1E7A4F7556}") = "Blazor.Hosted.Client", "Src\Blazor.Hosted\Client\Blazor.Hosted.Client.csproj", "{72BC77A3-0095-453F-85A9-3F083FAF0721}"
EndProject
Project("{9A19103F-16F7-4668-BE54-9A1E7A4F7556}") = "Blazor.Hosted.Shared", "Src\Blazor.Hosted\Shared\Blazor.Hosted.Shared.csproj", "{E6C75F4A-58AB-4AC3-B77A-F4D6556AD0C4}"
EndProject
Project("{9A19103F-16F7-4668-BE54-9A1E7A4F7556}") = "Blazor.Server", "Src\Blazor.Server\Blazor.Server.csproj", "{271DEBDE-B33E-452F-9DE9-DCD8DD95DB01}"
EndProject
Project("{9A19103F-16F7-4668-BE54-9A1E7A4F7556}") = "Blazor.StandalonePWA", "Src\Blazor.StandalonePWA\Blazor.StandalonePWA.csproj", "{3ED4BFB1-73A2-4CDF-85D5-0567B2412051}"
EndProject
Project("{9A19103F-16F7-4668-BE54-9A1E7A4F7556}") = "Blazor.HostedPWA.Server", "Src\Blazor.HostedPWA\Server\Blazor.HostedPWA.Server.csproj", "{F6CC8880-B8EC-4C4B-8217-6075A2A956C3}"
EndProject
Project("{9A19103F-16F7-4668-BE54-9A1E7A4F7556}") = "Blazor.HostedPWA.Client", "Src\Blazor.HostedPWA\Client\Blazor.HostedPWA.Client.csproj", "{A20FE221-7B8F-429C-8BBA-113C87DA1FBB}"
EndProject
Project("{9A19103F-16F7-4668-BE54-9A1E7A4F7556}") = "Blazor.HostedPWA.Shared", "Src\Blazor.HostedPWA\Shared\Blazor.HostedPWA.Shared.csproj", "{E5BF3F33-70E6-4B11-AB6C-E19917B1FDC9}"
EndProject
Project("{9A19103F-16F7-4668-BE54-9A1E7A4F7556}") = "Blazor.Hybrid.WPF", "Src\Blazor.Hybrid.WPF\Blazor.Hybrid.WPF.csproj", "{814A6F67-A71A-4EA9-8CF4-5519F26EF405}"
EndProject
Project("{9A19103F-16F7-4668-BE54-9A1E7A4F7556}") = "Blazor.Hybrid.WinForms", "Src\Blazor.Hybrid.WinForms\Blazor.Hybrid.WinForms.csproj", "{86119B3D-B4BE-4603-A5CA-8E5DBC9533F3}"
EndProject
Project("{9A19103F-16F7-4668-BE54-9A1E7A4F7556}") = "Blazor.Hybrid.MAUI", "Src\Blazor.Hybrid.MAUI\Blazor.Hybrid.MAUI.csproj", "{B7E48A57-340E-47E7-AF74-E5C812C29AA8}"
EndProject
Project("{2150E333-8FDC-42A3-9474-1A3956D46DE8}") = "Templates", "Templates", "{36D5E71D-0CCE-466D-A725-AE1B326612DF}"
EndProject
Project("{2150E333-8FDC-42A3-9474-1A3956D46DE8}") = "WebAssembly", "WebAssembly", "{30A6F581-8724-4DCF-8D97-39643B2B3775}"
EndProject
Project("{2150E333-8FDC-42A3-9474-1A3956D46DE8}") = "Hosted", "Hosted", "{E6879B5A-1BD4-4C33-ABA1-EADC82FE89AC}"
EndProject
Project("{2150E333-8FDC-42A3-9474-1A3956D46DE8}") = "Hybrid", "Hybrid", "{075FB599-1541-4366-9CE2-DE5EBF467686}"
EndProject
Project("{2150E333-8FDC-42A3-9474-1A3956D46DE8}") = "Server", "Server", "{EEE7AFC1-4A30-47F8-BC74-C64D6C78CC59}"
EndProject
Project("{2150E333-8FDC-42A3-9474-1A3956D46DE8}") = "Standalone", "Standalone", "{BCC4EC89-AAAA-4C23-8DEB-213668F28A16}"
EndProject
Project("{9A19103F-16F7-4668-BE54-9A1E7A4F7556}") = "Blazor.Example.Web", "Src\Blazor.Example\Blazor.Example.Web.csproj", "{93A0097B-9825-49A5-930A-45080C12F011}"
EndProject
Project("{9A19103F-16F7-4668-BE54-9A1E7A4F7556}") = "Blazor.Example.Core", "Src\Blazor.Example.Core\Blazor.Example.Core.csproj", "{9CE5EBCB-B813-43C2-BE13-6F3791E4BA17}"
EndProject
Project("{9A19103F-16F7-4668-BE54-9A1E7A4F7556}") = "Blazor.Example.Components", "Src\Blazor.Example.Components\Blazor.Example.Components.csproj", "{FA7B8483-C242-401B-9968-CB463BC2B682}"
EndProject
Project("{9A19103F-16F7-4668-BE54-9A1E7A4F7556}") = "Blazor.Example.Shared", "Src\Blazor.Example.Shared\Blazor.Example.Shared.csproj", "{F044A4FD-1A9A-4075-81FF-0D9F03D9672D}"
EndProject
Project("{2150E333-8FDC-42A3-9474-1A3956D46DE8}") = "Examples", "Examples", "{7684A09C-4539-4D3C-B8C6-338698D027FC}"
EndProject
Project("{2150E333-8FDC-42A3-9474-1A3956D46DE8}") = "ASP.NET Server", "ASP.NET Server", "{4824CF40-EE1D-4632-9AD2-0DF11A83B8AF}"
EndProject
Project("{2150E333-8FDC-42A3-9474-1A3956D46DE8}") = "Standalone WebAssembly", "Standalone WebAssembly", "{55E0DEB3-2B8E-4ACB-B505-26FAD7AA83E3}"
EndProject
Project("{2150E333-8FDC-42A3-9474-1A3956D46DE8}") = "Shared", "Shared", "{39F471C7-3441-44DB-AF3B-866EEA2350E5}"
EndProject
Project("{9A19103F-16F7-4668-BE54-9A1E7A4F7556}") = "Blazor.Example.Client", "Src\Blazor.Example.Client\Blazor.Example.Client.csproj", "{CE14D079-D1A3-49CE-85E6-594FB3A440E9}"
EndProject
Project("{9A19103F-16F7-4668-BE54-9A1E7A4F7556}") = "Blazor.Example.Tests", "Src\Blazor.Example.Tests\Blazor.Example.Tests.csproj", "{2EB6205D-34AE-4991-B30C-19B9EE26FE5D}"
EndProject
Project("{2150E333-8FDC-42A3-9474-1A3956D46DE8}") = "Hybrid WPF", "Hybrid WPF", "{DD2069F1-4C17-4CE1-BBB3-7A8D1C8E1414}"
EndProject
Project("{9A19103F-16F7-4668-BE54-9A1E7A4F7556}") = "Blazor.Example.WPF", "Src\Blazor.Example.WPF\Blazor.Example.WPF.csproj", "{9119F867-F036-41DC-A751-DF6F84E3A4E6}"
EndProject
Project("{2150E333-8FDC-42A3-9474-1A3956D46DE8}") = "Documentation", "Documentation", "{C577384D-640B-48EC-BEE6-02AC02AA209B}"
	ProjectSection(SolutionItems) = preProject
		README.md = README.md
	EndProjectSection
EndProject
Global
	GlobalSection(SolutionConfigurationPlatforms) = preSolution
		Debug WebAssembly|Any CPU = Debug WebAssembly|Any CPU
		Debug|Any CPU = Debug|Any CPU
		Release WebAssembly|Any CPU = Release WebAssembly|Any CPU
		Release|Any CPU = Release|Any CPU
	EndGlobalSection
	GlobalSection(ProjectConfigurationPlatforms) = postSolution
		{201B6779-C54B-434D-9FD3-98CE37B2E93C}.Debug WebAssembly|Any CPU.ActiveCfg = Debug|Any CPU
		{201B6779-C54B-434D-9FD3-98CE37B2E93C}.Debug WebAssembly|Any CPU.Build.0 = Debug|Any CPU
		{201B6779-C54B-434D-9FD3-98CE37B2E93C}.Debug|Any CPU.ActiveCfg = Debug|Any CPU
		{201B6779-C54B-434D-9FD3-98CE37B2E93C}.Debug|Any CPU.Build.0 = Debug|Any CPU
		{201B6779-C54B-434D-9FD3-98CE37B2E93C}.Release WebAssembly|Any CPU.ActiveCfg = Release|Any CPU
		{201B6779-C54B-434D-9FD3-98CE37B2E93C}.Release WebAssembly|Any CPU.Build.0 = Release|Any CPU
		{201B6779-C54B-434D-9FD3-98CE37B2E93C}.Release|Any CPU.ActiveCfg = Release|Any CPU
		{201B6779-C54B-434D-9FD3-98CE37B2E93C}.Release|Any CPU.Build.0 = Release|Any CPU
		{EBC1E90E-FBED-4F90-A12F-0447B0C7C64F}.Debug WebAssembly|Any CPU.ActiveCfg = Debug|Any CPU
		{EBC1E90E-FBED-4F90-A12F-0447B0C7C64F}.Debug WebAssembly|Any CPU.Build.0 = Debug|Any CPU
		{EBC1E90E-FBED-4F90-A12F-0447B0C7C64F}.Debug|Any CPU.ActiveCfg = Debug|Any CPU
		{EBC1E90E-FBED-4F90-A12F-0447B0C7C64F}.Debug|Any CPU.Build.0 = Debug|Any CPU
		{EBC1E90E-FBED-4F90-A12F-0447B0C7C64F}.Release WebAssembly|Any CPU.ActiveCfg = Release|Any CPU
		{EBC1E90E-FBED-4F90-A12F-0447B0C7C64F}.Release WebAssembly|Any CPU.Build.0 = Release|Any CPU
		{EBC1E90E-FBED-4F90-A12F-0447B0C7C64F}.Release|Any CPU.ActiveCfg = Release|Any CPU
		{EBC1E90E-FBED-4F90-A12F-0447B0C7C64F}.Release|Any CPU.Build.0 = Release|Any CPU
		{72BC77A3-0095-453F-85A9-3F083FAF0721}.Debug WebAssembly|Any CPU.ActiveCfg = Debug|Any CPU
		{72BC77A3-0095-453F-85A9-3F083FAF0721}.Debug WebAssembly|Any CPU.Build.0 = Debug|Any CPU
		{72BC77A3-0095-453F-85A9-3F083FAF0721}.Debug|Any CPU.ActiveCfg = Debug|Any CPU
		{72BC77A3-0095-453F-85A9-3F083FAF0721}.Debug|Any CPU.Build.0 = Debug|Any CPU
		{72BC77A3-0095-453F-85A9-3F083FAF0721}.Release WebAssembly|Any CPU.ActiveCfg = Release|Any CPU
		{72BC77A3-0095-453F-85A9-3F083FAF0721}.Release WebAssembly|Any CPU.Build.0 = Release|Any CPU
		{72BC77A3-0095-453F-85A9-3F083FAF0721}.Release|Any CPU.ActiveCfg = Release|Any CPU
		{72BC77A3-0095-453F-85A9-3F083FAF0721}.Release|Any CPU.Build.0 = Release|Any CPU
		{E6C75F4A-58AB-4AC3-B77A-F4D6556AD0C4}.Debug WebAssembly|Any CPU.ActiveCfg = Debug|Any CPU
		{E6C75F4A-58AB-4AC3-B77A-F4D6556AD0C4}.Debug WebAssembly|Any CPU.Build.0 = Debug|Any CPU
		{E6C75F4A-58AB-4AC3-B77A-F4D6556AD0C4}.Debug|Any CPU.ActiveCfg = Debug|Any CPU
		{E6C75F4A-58AB-4AC3-B77A-F4D6556AD0C4}.Debug|Any CPU.Build.0 = Debug|Any CPU
		{E6C75F4A-58AB-4AC3-B77A-F4D6556AD0C4}.Release WebAssembly|Any CPU.ActiveCfg = Release|Any CPU
		{E6C75F4A-58AB-4AC3-B77A-F4D6556AD0C4}.Release WebAssembly|Any CPU.Build.0 = Release|Any CPU
		{E6C75F4A-58AB-4AC3-B77A-F4D6556AD0C4}.Release|Any CPU.ActiveCfg = Release|Any CPU
		{E6C75F4A-58AB-4AC3-B77A-F4D6556AD0C4}.Release|Any CPU.Build.0 = Release|Any CPU
		{271DEBDE-B33E-452F-9DE9-DCD8DD95DB01}.Debug WebAssembly|Any CPU.ActiveCfg = Debug|Any CPU
		{271DEBDE-B33E-452F-9DE9-DCD8DD95DB01}.Debug WebAssembly|Any CPU.Build.0 = Debug|Any CPU
		{271DEBDE-B33E-452F-9DE9-DCD8DD95DB01}.Debug|Any CPU.ActiveCfg = Debug|Any CPU
		{271DEBDE-B33E-452F-9DE9-DCD8DD95DB01}.Debug|Any CPU.Build.0 = Debug|Any CPU
		{271DEBDE-B33E-452F-9DE9-DCD8DD95DB01}.Release WebAssembly|Any CPU.ActiveCfg = Release|Any CPU
		{271DEBDE-B33E-452F-9DE9-DCD8DD95DB01}.Release WebAssembly|Any CPU.Build.0 = Release|Any CPU
		{271DEBDE-B33E-452F-9DE9-DCD8DD95DB01}.Release|Any CPU.ActiveCfg = Release|Any CPU
		{271DEBDE-B33E-452F-9DE9-DCD8DD95DB01}.Release|Any CPU.Build.0 = Release|Any CPU
		{3ED4BFB1-73A2-4CDF-85D5-0567B2412051}.Debug WebAssembly|Any CPU.ActiveCfg = Debug|Any CPU
		{3ED4BFB1-73A2-4CDF-85D5-0567B2412051}.Debug WebAssembly|Any CPU.Build.0 = Debug|Any CPU
		{3ED4BFB1-73A2-4CDF-85D5-0567B2412051}.Debug|Any CPU.ActiveCfg = Debug|Any CPU
		{3ED4BFB1-73A2-4CDF-85D5-0567B2412051}.Debug|Any CPU.Build.0 = Debug|Any CPU
		{3ED4BFB1-73A2-4CDF-85D5-0567B2412051}.Release WebAssembly|Any CPU.ActiveCfg = Release|Any CPU
		{3ED4BFB1-73A2-4CDF-85D5-0567B2412051}.Release WebAssembly|Any CPU.Build.0 = Release|Any CPU
		{3ED4BFB1-73A2-4CDF-85D5-0567B2412051}.Release|Any CPU.ActiveCfg = Release|Any CPU
		{3ED4BFB1-73A2-4CDF-85D5-0567B2412051}.Release|Any CPU.Build.0 = Release|Any CPU
		{F6CC8880-B8EC-4C4B-8217-6075A2A956C3}.Debug WebAssembly|Any CPU.ActiveCfg = Debug|Any CPU
		{F6CC8880-B8EC-4C4B-8217-6075A2A956C3}.Debug WebAssembly|Any CPU.Build.0 = Debug|Any CPU
		{F6CC8880-B8EC-4C4B-8217-6075A2A956C3}.Debug|Any CPU.ActiveCfg = Debug|Any CPU
		{F6CC8880-B8EC-4C4B-8217-6075A2A956C3}.Debug|Any CPU.Build.0 = Debug|Any CPU
		{F6CC8880-B8EC-4C4B-8217-6075A2A956C3}.Release WebAssembly|Any CPU.ActiveCfg = Release|Any CPU
		{F6CC8880-B8EC-4C4B-8217-6075A2A956C3}.Release WebAssembly|Any CPU.Build.0 = Release|Any CPU
		{F6CC8880-B8EC-4C4B-8217-6075A2A956C3}.Release|Any CPU.ActiveCfg = Release|Any CPU
		{F6CC8880-B8EC-4C4B-8217-6075A2A956C3}.Release|Any CPU.Build.0 = Release|Any CPU
		{A20FE221-7B8F-429C-8BBA-113C87DA1FBB}.Debug WebAssembly|Any CPU.ActiveCfg = Debug|Any CPU
		{A20FE221-7B8F-429C-8BBA-113C87DA1FBB}.Debug WebAssembly|Any CPU.Build.0 = Debug|Any CPU
		{A20FE221-7B8F-429C-8BBA-113C87DA1FBB}.Debug|Any CPU.ActiveCfg = Debug|Any CPU
		{A20FE221-7B8F-429C-8BBA-113C87DA1FBB}.Debug|Any CPU.Build.0 = Debug|Any CPU
		{A20FE221-7B8F-429C-8BBA-113C87DA1FBB}.Release WebAssembly|Any CPU.ActiveCfg = Release|Any CPU
		{A20FE221-7B8F-429C-8BBA-113C87DA1FBB}.Release WebAssembly|Any CPU.Build.0 = Release|Any CPU
		{A20FE221-7B8F-429C-8BBA-113C87DA1FBB}.Release|Any CPU.ActiveCfg = Release|Any CPU
		{A20FE221-7B8F-429C-8BBA-113C87DA1FBB}.Release|Any CPU.Build.0 = Release|Any CPU
		{E5BF3F33-70E6-4B11-AB6C-E19917B1FDC9}.Debug WebAssembly|Any CPU.ActiveCfg = Debug|Any CPU
		{E5BF3F33-70E6-4B11-AB6C-E19917B1FDC9}.Debug WebAssembly|Any CPU.Build.0 = Debug|Any CPU
		{E5BF3F33-70E6-4B11-AB6C-E19917B1FDC9}.Debug|Any CPU.ActiveCfg = Debug|Any CPU
		{E5BF3F33-70E6-4B11-AB6C-E19917B1FDC9}.Debug|Any CPU.Build.0 = Debug|Any CPU
		{E5BF3F33-70E6-4B11-AB6C-E19917B1FDC9}.Release WebAssembly|Any CPU.ActiveCfg = Release|Any CPU
		{E5BF3F33-70E6-4B11-AB6C-E19917B1FDC9}.Release WebAssembly|Any CPU.Build.0 = Release|Any CPU
		{E5BF3F33-70E6-4B11-AB6C-E19917B1FDC9}.Release|Any CPU.ActiveCfg = Release|Any CPU
		{E5BF3F33-70E6-4B11-AB6C-E19917B1FDC9}.Release|Any CPU.Build.0 = Release|Any CPU
		{814A6F67-A71A-4EA9-8CF4-5519F26EF405}.Debug WebAssembly|Any CPU.ActiveCfg = Debug|Any CPU
		{814A6F67-A71A-4EA9-8CF4-5519F26EF405}.Debug WebAssembly|Any CPU.Build.0 = Debug|Any CPU
		{814A6F67-A71A-4EA9-8CF4-5519F26EF405}.Debug|Any CPU.ActiveCfg = Debug|Any CPU
		{814A6F67-A71A-4EA9-8CF4-5519F26EF405}.Debug|Any CPU.Build.0 = Debug|Any CPU
		{814A6F67-A71A-4EA9-8CF4-5519F26EF405}.Release WebAssembly|Any CPU.ActiveCfg = Release|Any CPU
		{814A6F67-A71A-4EA9-8CF4-5519F26EF405}.Release WebAssembly|Any CPU.Build.0 = Release|Any CPU
		{814A6F67-A71A-4EA9-8CF4-5519F26EF405}.Release|Any CPU.ActiveCfg = Release|Any CPU
		{814A6F67-A71A-4EA9-8CF4-5519F26EF405}.Release|Any CPU.Build.0 = Release|Any CPU
		{86119B3D-B4BE-4603-A5CA-8E5DBC9533F3}.Debug WebAssembly|Any CPU.ActiveCfg = Debug|Any CPU
		{86119B3D-B4BE-4603-A5CA-8E5DBC9533F3}.Debug WebAssembly|Any CPU.Build.0 = Debug|Any CPU
		{86119B3D-B4BE-4603-A5CA-8E5DBC9533F3}.Debug|Any CPU.ActiveCfg = Debug|Any CPU
		{86119B3D-B4BE-4603-A5CA-8E5DBC9533F3}.Debug|Any CPU.Build.0 = Debug|Any CPU
		{86119B3D-B4BE-4603-A5CA-8E5DBC9533F3}.Release WebAssembly|Any CPU.ActiveCfg = Release|Any CPU
		{86119B3D-B4BE-4603-A5CA-8E5DBC9533F3}.Release WebAssembly|Any CPU.Build.0 = Release|Any CPU
		{86119B3D-B4BE-4603-A5CA-8E5DBC9533F3}.Release|Any CPU.ActiveCfg = Release|Any CPU
		{86119B3D-B4BE-4603-A5CA-8E5DBC9533F3}.Release|Any CPU.Build.0 = Release|Any CPU
		{B7E48A57-340E-47E7-AF74-E5C812C29AA8}.Debug WebAssembly|Any CPU.ActiveCfg = Debug|Any CPU
		{B7E48A57-340E-47E7-AF74-E5C812C29AA8}.Debug WebAssembly|Any CPU.Build.0 = Debug|Any CPU
		{B7E48A57-340E-47E7-AF74-E5C812C29AA8}.Debug WebAssembly|Any CPU.Deploy.0 = Debug|Any CPU
		{B7E48A57-340E-47E7-AF74-E5C812C29AA8}.Debug|Any CPU.ActiveCfg = Debug|Any CPU
		{B7E48A57-340E-47E7-AF74-E5C812C29AA8}.Debug|Any CPU.Build.0 = Debug|Any CPU
		{B7E48A57-340E-47E7-AF74-E5C812C29AA8}.Debug|Any CPU.Deploy.0 = Debug|Any CPU
		{B7E48A57-340E-47E7-AF74-E5C812C29AA8}.Release WebAssembly|Any CPU.ActiveCfg = Release|Any CPU
		{B7E48A57-340E-47E7-AF74-E5C812C29AA8}.Release WebAssembly|Any CPU.Build.0 = Release|Any CPU
		{B7E48A57-340E-47E7-AF74-E5C812C29AA8}.Release WebAssembly|Any CPU.Deploy.0 = Release|Any CPU
		{B7E48A57-340E-47E7-AF74-E5C812C29AA8}.Release|Any CPU.ActiveCfg = Release|Any CPU
		{B7E48A57-340E-47E7-AF74-E5C812C29AA8}.Release|Any CPU.Build.0 = Release|Any CPU
		{B7E48A57-340E-47E7-AF74-E5C812C29AA8}.Release|Any CPU.Deploy.0 = Release|Any CPU
		{93A0097B-9825-49A5-930A-45080C12F011}.Debug WebAssembly|Any CPU.ActiveCfg = Debug|Any CPU
		{93A0097B-9825-49A5-930A-45080C12F011}.Debug WebAssembly|Any CPU.Build.0 = Debug|Any CPU
		{93A0097B-9825-49A5-930A-45080C12F011}.Debug|Any CPU.ActiveCfg = Debug|Any CPU
		{93A0097B-9825-49A5-930A-45080C12F011}.Debug|Any CPU.Build.0 = Debug|Any CPU
		{93A0097B-9825-49A5-930A-45080C12F011}.Release WebAssembly|Any CPU.ActiveCfg = Release|Any CPU
		{93A0097B-9825-49A5-930A-45080C12F011}.Release WebAssembly|Any CPU.Build.0 = Release|Any CPU
		{93A0097B-9825-49A5-930A-45080C12F011}.Release|Any CPU.ActiveCfg = Release|Any CPU
		{93A0097B-9825-49A5-930A-45080C12F011}.Release|Any CPU.Build.0 = Release|Any CPU
		{9CE5EBCB-B813-43C2-BE13-6F3791E4BA17}.Debug WebAssembly|Any CPU.ActiveCfg = Debug|Any CPU
		{9CE5EBCB-B813-43C2-BE13-6F3791E4BA17}.Debug WebAssembly|Any CPU.Build.0 = Debug|Any CPU
		{9CE5EBCB-B813-43C2-BE13-6F3791E4BA17}.Debug|Any CPU.ActiveCfg = Debug|Any CPU
		{9CE5EBCB-B813-43C2-BE13-6F3791E4BA17}.Debug|Any CPU.Build.0 = Debug|Any CPU
		{9CE5EBCB-B813-43C2-BE13-6F3791E4BA17}.Release WebAssembly|Any CPU.ActiveCfg = Release|Any CPU
		{9CE5EBCB-B813-43C2-BE13-6F3791E4BA17}.Release WebAssembly|Any CPU.Build.0 = Release|Any CPU
		{9CE5EBCB-B813-43C2-BE13-6F3791E4BA17}.Release|Any CPU.ActiveCfg = Release|Any CPU
		{9CE5EBCB-B813-43C2-BE13-6F3791E4BA17}.Release|Any CPU.Build.0 = Release|Any CPU
		{FA7B8483-C242-401B-9968-CB463BC2B682}.Debug WebAssembly|Any CPU.ActiveCfg = Debug WebAssembly|Any CPU
		{FA7B8483-C242-401B-9968-CB463BC2B682}.Debug WebAssembly|Any CPU.Build.0 = Debug WebAssembly|Any CPU
		{FA7B8483-C242-401B-9968-CB463BC2B682}.Debug|Any CPU.ActiveCfg = Debug|Any CPU
		{FA7B8483-C242-401B-9968-CB463BC2B682}.Debug|Any CPU.Build.0 = Debug|Any CPU
		{FA7B8483-C242-401B-9968-CB463BC2B682}.Release WebAssembly|Any CPU.ActiveCfg = Debug|Any CPU
		{FA7B8483-C242-401B-9968-CB463BC2B682}.Release WebAssembly|Any CPU.Build.0 = Debug|Any CPU
		{FA7B8483-C242-401B-9968-CB463BC2B682}.Release|Any CPU.ActiveCfg = Release|Any CPU
		{FA7B8483-C242-401B-9968-CB463BC2B682}.Release|Any CPU.Build.0 = Release|Any CPU
		{F044A4FD-1A9A-4075-81FF-0D9F03D9672D}.Debug WebAssembly|Any CPU.ActiveCfg = Debug|Any CPU
		{F044A4FD-1A9A-4075-81FF-0D9F03D9672D}.Debug WebAssembly|Any CPU.Build.0 = Debug|Any CPU
		{F044A4FD-1A9A-4075-81FF-0D9F03D9672D}.Debug|Any CPU.ActiveCfg = Debug|Any CPU
		{F044A4FD-1A9A-4075-81FF-0D9F03D9672D}.Debug|Any CPU.Build.0 = Debug|Any CPU
		{F044A4FD-1A9A-4075-81FF-0D9F03D9672D}.Release WebAssembly|Any CPU.ActiveCfg = Release|Any CPU
		{F044A4FD-1A9A-4075-81FF-0D9F03D9672D}.Release WebAssembly|Any CPU.Build.0 = Release|Any CPU
		{F044A4FD-1A9A-4075-81FF-0D9F03D9672D}.Release|Any CPU.ActiveCfg = Release|Any CPU
		{F044A4FD-1A9A-4075-81FF-0D9F03D9672D}.Release|Any CPU.Build.0 = Release|Any CPU
		{CE14D079-D1A3-49CE-85E6-594FB3A440E9}.Debug WebAssembly|Any CPU.ActiveCfg = Debug|Any CPU
		{CE14D079-D1A3-49CE-85E6-594FB3A440E9}.Debug WebAssembly|Any CPU.Build.0 = Debug|Any CPU
		{CE14D079-D1A3-49CE-85E6-594FB3A440E9}.Debug|Any CPU.ActiveCfg = Debug|Any CPU
		{CE14D079-D1A3-49CE-85E6-594FB3A440E9}.Debug|Any CPU.Build.0 = Debug|Any CPU
		{CE14D079-D1A3-49CE-85E6-594FB3A440E9}.Release WebAssembly|Any CPU.ActiveCfg = Release|Any CPU
		{CE14D079-D1A3-49CE-85E6-594FB3A440E9}.Release WebAssembly|Any CPU.Build.0 = Release|Any CPU
		{CE14D079-D1A3-49CE-85E6-594FB3A440E9}.Release|Any CPU.ActiveCfg = Release|Any CPU
		{CE14D079-D1A3-49CE-85E6-594FB3A440E9}.Release|Any CPU.Build.0 = Release|Any CPU
		{2EB6205D-34AE-4991-B30C-19B9EE26FE5D}.Debug WebAssembly|Any CPU.ActiveCfg = Debug|Any CPU
		{2EB6205D-34AE-4991-B30C-19B9EE26FE5D}.Debug WebAssembly|Any CPU.Build.0 = Debug|Any CPU
		{2EB6205D-34AE-4991-B30C-19B9EE26FE5D}.Debug|Any CPU.ActiveCfg = Debug|Any CPU
		{2EB6205D-34AE-4991-B30C-19B9EE26FE5D}.Debug|Any CPU.Build.0 = Debug|Any CPU
		{2EB6205D-34AE-4991-B30C-19B9EE26FE5D}.Release WebAssembly|Any CPU.ActiveCfg = Release|Any CPU
		{2EB6205D-34AE-4991-B30C-19B9EE26FE5D}.Release WebAssembly|Any CPU.Build.0 = Release|Any CPU
		{2EB6205D-34AE-4991-B30C-19B9EE26FE5D}.Release|Any CPU.ActiveCfg = Release|Any CPU
		{2EB6205D-34AE-4991-B30C-19B9EE26FE5D}.Release|Any CPU.Build.0 = Release|Any CPU
		{9119F867-F036-41DC-A751-DF6F84E3A4E6}.Debug WebAssembly|Any CPU.ActiveCfg = Debug|Any CPU
		{9119F867-F036-41DC-A751-DF6F84E3A4E6}.Debug WebAssembly|Any CPU.Build.0 = Debug|Any CPU
		{9119F867-F036-41DC-A751-DF6F84E3A4E6}.Debug|Any CPU.ActiveCfg = Debug|Any CPU
		{9119F867-F036-41DC-A751-DF6F84E3A4E6}.Debug|Any CPU.Build.0 = Debug|Any CPU
		{9119F867-F036-41DC-A751-DF6F84E3A4E6}.Release WebAssembly|Any CPU.ActiveCfg = Release|Any CPU
		{9119F867-F036-41DC-A751-DF6F84E3A4E6}.Release WebAssembly|Any CPU.Build.0 = Release|Any CPU
		{9119F867-F036-41DC-A751-DF6F84E3A4E6}.Release|Any CPU.ActiveCfg = Release|Any CPU
		{9119F867-F036-41DC-A751-DF6F84E3A4E6}.Release|Any CPU.Build.0 = Release|Any CPU
	EndGlobalSection
	GlobalSection(SolutionProperties) = preSolution
		HideSolutionNode = FALSE
	EndGlobalSection
	GlobalSection(NestedProjects) = preSolution
		{201B6779-C54B-434D-9FD3-98CE37B2E93C} = {BCC4EC89-AAAA-4C23-8DEB-213668F28A16}
		{EBC1E90E-FBED-4F90-A12F-0447B0C7C64F} = {E6879B5A-1BD4-4C33-ABA1-EADC82FE89AC}
		{72BC77A3-0095-453F-85A9-3F083FAF0721} = {E6879B5A-1BD4-4C33-ABA1-EADC82FE89AC}
		{E6C75F4A-58AB-4AC3-B77A-F4D6556AD0C4} = {E6879B5A-1BD4-4C33-ABA1-EADC82FE89AC}
		{271DEBDE-B33E-452F-9DE9-DCD8DD95DB01} = {EEE7AFC1-4A30-47F8-BC74-C64D6C78CC59}
		{3ED4BFB1-73A2-4CDF-85D5-0567B2412051} = {BCC4EC89-AAAA-4C23-8DEB-213668F28A16}
		{F6CC8880-B8EC-4C4B-8217-6075A2A956C3} = {E6879B5A-1BD4-4C33-ABA1-EADC82FE89AC}
		{A20FE221-7B8F-429C-8BBA-113C87DA1FBB} = {E6879B5A-1BD4-4C33-ABA1-EADC82FE89AC}
		{E5BF3F33-70E6-4B11-AB6C-E19917B1FDC9} = {E6879B5A-1BD4-4C33-ABA1-EADC82FE89AC}
		{814A6F67-A71A-4EA9-8CF4-5519F26EF405} = {075FB599-1541-4366-9CE2-DE5EBF467686}
		{86119B3D-B4BE-4603-A5CA-8E5DBC9533F3} = {075FB599-1541-4366-9CE2-DE5EBF467686}
		{B7E48A57-340E-47E7-AF74-E5C812C29AA8} = {075FB599-1541-4366-9CE2-DE5EBF467686}
		{30A6F581-8724-4DCF-8D97-39643B2B3775} = {36D5E71D-0CCE-466D-A725-AE1B326612DF}
		{E6879B5A-1BD4-4C33-ABA1-EADC82FE89AC} = {30A6F581-8724-4DCF-8D97-39643B2B3775}
		{075FB599-1541-4366-9CE2-DE5EBF467686} = {36D5E71D-0CCE-466D-A725-AE1B326612DF}
		{EEE7AFC1-4A30-47F8-BC74-C64D6C78CC59} = {36D5E71D-0CCE-466D-A725-AE1B326612DF}
		{BCC4EC89-AAAA-4C23-8DEB-213668F28A16} = {30A6F581-8724-4DCF-8D97-39643B2B3775}
		{93A0097B-9825-49A5-930A-45080C12F011} = {4824CF40-EE1D-4632-9AD2-0DF11A83B8AF}
		{9CE5EBCB-B813-43C2-BE13-6F3791E4BA17} = {4824CF40-EE1D-4632-9AD2-0DF11A83B8AF}
		{FA7B8483-C242-401B-9968-CB463BC2B682} = {39F471C7-3441-44DB-AF3B-866EEA2350E5}
		{F044A4FD-1A9A-4075-81FF-0D9F03D9672D} = {39F471C7-3441-44DB-AF3B-866EEA2350E5}
		{4824CF40-EE1D-4632-9AD2-0DF11A83B8AF} = {7684A09C-4539-4D3C-B8C6-338698D027FC}
		{55E0DEB3-2B8E-4ACB-B505-26FAD7AA83E3} = {7684A09C-4539-4D3C-B8C6-338698D027FC}
		{39F471C7-3441-44DB-AF3B-866EEA2350E5} = {7684A09C-4539-4D3C-B8C6-338698D027FC}
		{CE14D079-D1A3-49CE-85E6-594FB3A440E9} = {55E0DEB3-2B8E-4ACB-B505-26FAD7AA83E3}
		{2EB6205D-34AE-4991-B30C-19B9EE26FE5D} = {7684A09C-4539-4D3C-B8C6-338698D027FC}
		{DD2069F1-4C17-4CE1-BBB3-7A8D1C8E1414} = {7684A09C-4539-4D3C-B8C6-338698D027FC}
		{9119F867-F036-41DC-A751-DF6F84E3A4E6} = {DD2069F1-4C17-4CE1-BBB3-7A8D1C8E1414}
	EndGlobalSection
	GlobalSection(ExtensibilityGlobals) = postSolution
		SolutionGuid = {E65776BE-FF38-4340-A342-17DF8C5E71D8}
	EndGlobalSection
EndGlobal
